
Microsoft Visual Studio Solution File, Format Version 12.00
# Visual Studio Version 16
VisualStudioVersion = 16.0.31205.134
MinimumVisualStudioVersion = 10.0.40219.1
Project("{FAE04EC0-301F-11D3-BF4B-00C04F79EFBC}") = "Uri1113", "Uri1113\Uri1113.csproj", "{1DA04F77-B6DA-4A22-A0A2-5E2A7D65B526}"
EndProject
Global
	GlobalSection(SolutionConfigurationPlatforms) = preSolution
		Debug|Any CPU = Debug|Any CPU
		Release|Any CPU = Release|Any CPU
	EndGlobalSection
	GlobalSection(ProjectConfigurationPlatforms) = postSolution
		{1DA04F77-B6DA-4A22-A0A2-5E2A7D65B526}.Debug|Any CPU.ActiveCfg = Debug|Any CPU
		{1DA04F77-B6DA-4A22-A0A2-5E2A7D65B526}.Debug|Any CPU.Build.0 = Debug|Any CPU
		{1DA04F77-B6DA-4A22-A0A2-5E2A7D65B526}.Release|Any CPU.ActiveCfg = Release|Any CPU
		{1DA04F77-B6DA-4A22-A0A2-5E2A7D65B526}.Release|Any CPU.Build.0 = Release|Any CPU
	EndGlobalSection
	GlobalSection(SolutionProperties) = preSolution
		HideSolutionNode = FALSE
	EndGlobalSection
	GlobalSection(ExtensibilityGlobals) = postSolution
		SolutionGuid = {0E2D9634-2446-440B-B045-D28EF0D2F1AA}
	EndGlobalSection
EndGlobal
